Microsoft Visual Studio Solution File, Format Version 12.00
# Visual Studio Version 17
VisualStudioVersion = 17.0.31903.59
MinimumVisualStudioVersion = 10.0.40219.1
Project("{FAE04EC0-301F-11D3-BF4B-00C04F79EFBC}") = "Phonie", "src\Phonie\Phonie.csproj", "{E8F25D38-A3FB-45D3-98D3-68C56A2D514E}"
EndProject
Project("{FAE04EC0-301F-11D3-BF4B-00C04F79EFBC}") = "Phonie.Core", "src\Phonie.Core\Phonie.Core.csproj", "{967485C2-6EE9-43CC-9F7D-DA3FF0B6F8B2}"
EndProject
Project("{FAE04EC0-301F-11D3-BF4B-00C04F79EFBC}") = "Phonie.SmokeTests", "tests\Phonie.SmokeTests\Phonie.SmokeTests.csproj", "{5B7E9E1A-EF25-4C85-9C0D-32A56E3541FA}"
EndProject
Project("{FAE04EC0-301F-11D3-BF4B-00C04F79EFBC}") = "Phonie.Core.Tests", "tests\Phonie.Core.Tests\Phonie.Core.Tests.csproj", "{BB126166-CCF6-44E0-AB45-78B7EB57A00A}"
EndProject
Global
	GlobalSection(SolutionConfigurationPlatforms) = preSolution
		Debug|Any CPU = Debug|Any CPU
		Release|Any CPU = Release|Any CPU
	EndGlobalSection
	GlobalSection(ProjectConfigurationPlatforms) = postSolution
		{E8F25D38-A3FB-45D3-98D3-68C56A2D514E}.Debug|Any CPU.ActiveCfg = Debug|Any CPU
		{E8F25D38-A3FB-45D3-98D3-68C56A2D514E}.Debug|Any CPU.Build.0 = Debug|Any CPU
		{E8F25D38-A3FB-45D3-98D3-68C56A2D514E}.Release|Any CPU.ActiveCfg = Release|Any CPU
		{E8F25D38-A3FB-45D3-98D3-68C56A2D514E}.Release|Any CPU.Build.0 = Release|Any CPU
		{967485C2-6EE9-43CC-9F7D-DA3FF0B6F8B2}.Debug|Any CPU.ActiveCfg = Debug|Any CPU
		{967485C2-6EE9-43CC-9F7D-DA3FF0B6F8B2}.Debug|Any CPU.Build.0 = Debug|Any CPU
		{967485C2-6EE9-43CC-9F7D-DA3FF0B6F8B2}.Release|Any CPU.ActiveCfg = Release|Any CPU
		{967485C2-6EE9-43CC-9F7D-DA3FF0B6F8B2}.Release|Any CPU.Build.0 = Release|Any CPU
		{5B7E9E1A-EF25-4C85-9C0D-32A56E3541FA}.Debug|Any CPU.ActiveCfg = Debug|Any CPU
		{5B7E9E1A-EF25-4C85-9C0D-32A56E3541FA}.Debug|Any CPU.Build.0 = Debug|Any CPU
		{5B7E9E1A-EF25-4C85-9C0D-32A56E3541FA}.Release|Any CPU.ActiveCfg = Release|Any CPU
		{5B7E9E1A-EF25-4C85-9C0D-32A56E3541FA}.Release|Any CPU.Build.0 = Release|Any CPU
		{BB126166-CCF6-44E0-AB45-78B7EB57A00A}.Debug|Any CPU.ActiveCfg = Debug|Any CPU
		{BB126166-CCF6-44E0-AB45-78B7EB57A00A}.Debug|Any CPU.Build.0 = Debug|Any CPU
		{BB126166-CCF6-44E0-AB45-78B7EB57A00A}.Release|Any CPU.ActiveCfg = Release|Any CPU
		{BB126166-CCF6-44E0-AB45-78B7EB57A00A}.Release|Any CPU.Build.0 = Release|Any CPU
	EndGlobalSection
EndGlobal
